lockfileVersion: 5.3

specifiers:
  '@babel/core': ^7.14.5
  '@babel/preset-typescript': ^7.14.5
  '@rollup/plugin-babel': ^5.3.0
  '@rollup/plugin-node-resolve': ^13.0.0
  http-server: ^0.12.3
  rollup: ^2.52.1
  rollup-plugin-terser: ^7.0.2
  solid-app-router: ^0.0.45
  solid-js: ^1.0.0-rc.5
  solid-ssr: ^0.26.5
  typescript: ^4.3.4
  vite: ^2.3.6
  vite-plugin-solid: ^2.0.0-rc.2
  vite-plugin-windicss: ^0.16.7
  windicss: ^3.1.3

dependencies:
  solid-app-router: 0.0.45_solid-js@1.0.0-rc.5
  solid-js: 1.0.0-rc.5
  solid-ssr: 0.26.5_solid-js@1.0.0-rc.5

devDependencies:
  '@babel/core': 7.14.5
  '@babel/preset-typescript': 7.14.5_@babel+core@7.14.5
  '@rollup/plugin-babel': 5.3.0_@babel+core@7.14.5+rollup@2.52.1
  '@rollup/plugin-node-resolve': 13.0.0_rollup@2.52.1
  http-server: 0.12.3
  rollup: 2.52.1
  rollup-plugin-terser: 7.0.2_rollup@2.52.1
  typescript: 4.3.4
  vite: 2.3.7
  vite-plugin-solid: 2.0.0-rc.2
  vite-plugin-windicss: 0.16.7_vite@2.3.7
  windicss: 3.1.3

packages:

  /@antfu/utils/0.1.6:
    resolution: {integrity: sha512-1lcCCEOv4gYlYa/OCjM2JA5nbNll04mNMhSXYu4QetbG14m3LdCvkyDAPlc2AmqRQEqkKpJldRL++9sPpOIydw==}
    dev: true

  /@babel/code-frame/7.14.5:
    resolution: {integrity: sha512-9pzDqyc6OLDaqe+zbACgFkb6fKMNG6CObKpnYXChRsvYGyEdc7CA2BaqeOM+vOtCS5ndmJicPJhKAwYRI6UfFw==}
    engines: {node: '>=6.9.0'}
    dependencies:
      '@babel/highlight': 7.14.5
    dev: true

  /@babel/compat-data/7.14.5:
    resolution: {integrity: sha512-kixrYn4JwfAVPa0f2yfzc2AWti6WRRyO3XjWW5PJAvtE11qhSayrrcrEnee05KAtNaPC+EwehE8Qt1UedEVB8w==}
    engines: {node: '>=6.9.0'}
    dev: true

  /@babel/core/7.14.5:
    resolution: {integrity: sha512-RN/AwP2DJmQTZSfiDaD+JQQ/J99KsIpOCfBE5pL+5jJSt7nI3nYGoAXZu+ffYSQ029NLs2DstZb+eR81uuARgg==}
    engines: {node: '>=6.9.0'}
    dependencies:
      '@babel/code-frame': 7.14.5
      '@babel/generator': 7.14.5
      '@babel/helper-compilation-targets': 7.14.5_@babel+core@7.14.5
      '@babel/helper-module-transforms': 7.14.5
      '@babel/helpers': 7.14.5
      '@babel/parser': 7.14.5
      '@babel/template': 7.14.5
      '@babel/traverse': 7.14.5
      '@babel/types': 7.14.5
      convert-source-map: 1.7.0
      debug: 4.3.1
      gensync: 1.0.0-beta.2
      json5: 2.2.0
      semver: 6.3.0
      source-map: 0.5.7
    transitivePeerDependencies:
      - supports-color
    dev: true

  /@babel/core/7.14.6:
    resolution: {integrity: sha512-gJnOEWSqTk96qG5BoIrl5bVtc23DCycmIePPYnamY9RboYdI4nFy5vAQMSl81O5K/W0sLDWfGysnOECC+KUUCA==}
    engines: {node: '>=6.9.0'}
    dependencies:
      '@babel/code-frame': 7.14.5
      '@babel/generator': 7.14.5
      '@babel/helper-compilation-targets': 7.14.5_@babel+core@7.14.6
      '@babel/helper-module-transforms': 7.14.5
      '@babel/helpers': 7.14.6
      '@babel/parser': 7.14.6
      '@babel/template': 7.14.5
      '@babel/traverse': 7.14.5
      '@babel/types': 7.14.5
      convert-source-map: 1.7.0
      debug: 4.3.1
      gensync: 1.0.0-beta.2
      json5: 2.2.0
      semver: 6.3.0
      source-map: 0.5.7
    transitivePeerDependencies:
      - supports-color
    dev: true

  /@babel/generator/7.14.5:
    resolution: {integrity: sha512-y3rlP+/G25OIX3mYKKIOlQRcqj7YgrvHxOLbVmyLJ9bPmi5ttvUmpydVjcFjZphOktWuA7ovbx91ECloWTfjIA==}
    engines: {node: '>=6.9.0'}
    dependencies:
      '@babel/types': 7.14.5
      jsesc: 2.5.2
      source-map: 0.5.7
    dev: true

  /@babel/helper-annotate-as-pure/7.14.5:
    resolution: {integrity: sha512-EivH9EgBIb+G8ij1B2jAwSH36WnGvkQSEC6CkX/6v6ZFlw5fVOHvsgGF4uiEHO2GzMvunZb6tDLQEQSdrdocrA==}
    engines: {node: '>=6.9.0'}
    dependencies:
      '@babel/types': 7.14.5
    dev: true

  /@babel/helper-compilation-targets/7.14.5_@babel+core@7.14.5:
    resolution: {integrity: sha512-v+QtZqXEiOnpO6EYvlImB6zCD2Lel06RzOPzmkz/D/XgQiUu3C/Jb1LOqSt/AIA34TYi/Q+KlT8vTQrgdxkbLw==}
    engines: {node: '>=6.9.0'}
    peerDependencies:
      '@babel/core': ^7.0.0
    dependencies:
      '@babel/compat-data': 7.14.5
      '@babel/core': 7.14.5
      '@babel/helper-validator-option': 7.14.5
      browserslist: 4.16.6
      semver: 6.3.0
    dev: true

  /@babel/helper-compilation-targets/7.14.5_@babel+core@7.14.6:
    resolution: {integrity: sha512-v+QtZqXEiOnpO6EYvlImB6zCD2Lel06RzOPzmkz/D/XgQiUu3C/Jb1LOqSt/AIA34TYi/Q+KlT8vTQrgdxkbLw==}
    engines: {node: '>=6.9.0'}
    peerDependencies:
      '@babel/core': ^7.0.0
    dependencies:
      '@babel/compat-data': 7.14.5
      '@babel/core': 7.14.6
      '@babel/helper-validator-option': 7.14.5
      browserslist: 4.16.6
      semver: 6.3.0
    dev: true

  /@babel/helper-create-class-features-plugin/7.14.6_@babel+core@7.14.5:
    resolution: {integrity: sha512-Z6gsfGofTxH/+LQXqYEK45kxmcensbzmk/oi8DmaQytlQCgqNZt9XQF8iqlI/SeXWVjaMNxvYvzaYw+kh42mDg==}
    engines: {node: '>=6.9.0'}
    peerDependencies:
      '@babel/core': ^7.0.0
    dependencies:
      '@babel/core': 7.14.5
      '@babel/helper-annotate-as-pure': 7.14.5
      '@babel/helper-function-name': 7.14.5
      '@babel/helper-member-expression-to-functions': 7.14.5
      '@babel/helper-optimise-call-expression': 7.14.5
      '@babel/helper-replace-supers': 7.14.5
      '@babel/helper-split-export-declaration': 7.14.5
    transitivePeerDependencies:
      - supports-color
    dev: true

  /@babel/helper-create-class-features-plugin/7.14.6_@babel+core@7.14.6:
    resolution: {integrity: sha512-Z6gsfGofTxH/+LQXqYEK45kxmcensbzmk/oi8DmaQytlQCgqNZt9XQF8iqlI/SeXWVjaMNxvYvzaYw+kh42mDg==}
    engines: {node: '>=6.9.0'}
    peerDependencies:
      '@babel/core': ^7.0.0
    dependencies:
      '@babel/core': 7.14.6
      '@babel/helper-annotate-as-pure': 7.14.5
      '@babel/helper-function-name': 7.14.5
      '@babel/helper-member-expression-to-functions': 7.14.5
      '@babel/helper-optimise-call-expression': 7.14.5
      '@babel/helper-replace-supers': 7.14.5
      '@babel/helper-split-export-declaration': 7.14.5
    transitivePeerDependencies:
      - supports-color
    dev: true

  /@babel/helper-function-name/7.14.5:
    resolution: {integrity: sha512-Gjna0AsXWfFvrAuX+VKcN/aNNWonizBj39yGwUzVDVTlMYJMK2Wp6xdpy72mfArFq5uK+NOuexfzZlzI1z9+AQ==}
    engines: {node: '>=6.9.0'}
    dependencies:
      '@babel/helper-get-function-arity': 7.14.5
      '@babel/template': 7.14.5
      '@babel/types': 7.14.5
    dev: true

  /@babel/helper-get-function-arity/7.14.5:
    resolution: {integrity: sha512-I1Db4Shst5lewOM4V+ZKJzQ0JGGaZ6VY1jYvMghRjqs6DWgxLCIyFt30GlnKkfUeFLpJt2vzbMVEXVSXlIFYUg==}
    engines: {node: '>=6.9.0'}
    dependencies:
      '@babel/types': 7.14.5
    dev: true

  /@babel/helper-hoist-variables/7.14.5:
    resolution: {integrity: sha512-R1PXiz31Uc0Vxy4OEOm07x0oSjKAdPPCh3tPivn/Eo8cvz6gveAeuyUUPB21Hoiif0uoPQSSdhIPS3352nvdyQ==}
    engines: {node: '>=6.9.0'}
    dependencies:
      '@babel/types': 7.14.5
    dev: true

  /@babel/helper-member-expression-to-functions/7.14.5:
    resolution: {integrity: sha512-UxUeEYPrqH1Q/k0yRku1JE7dyfyehNwT6SVkMHvYvPDv4+uu627VXBckVj891BO8ruKBkiDoGnZf4qPDD8abDQ==}
    engines: {node: '>=6.9.0'}
    dependencies:
      '@babel/types': 7.14.5
    dev: true

  /@babel/helper-module-imports/7.14.5:
    resolution: {integrity: sha512-SwrNHu5QWS84XlHwGYPDtCxcA0hrSlL2yhWYLgeOc0w7ccOl2qv4s/nARI0aYZW+bSwAL5CukeXA47B/1NKcnQ==}
    engines: {node: '>=6.9.0'}
    dependencies:
      '@babel/types': 7.14.5
    dev: true

  /@babel/helper-module-transforms/7.14.5:
    resolution: {integrity: sha512-iXpX4KW8LVODuAieD7MzhNjmM6dzYY5tfRqT+R9HDXWl0jPn/djKmA+G9s/2C2T9zggw5tK1QNqZ70USfedOwA==}
    engines: {node: '>=6.9.0'}
    dependencies:
      '@babel/helper-module-imports': 7.14.5
      '@babel/helper-replace-supers': 7.14.5
      '@babel/helper-simple-access': 7.14.5
      '@babel/helper-split-export-declaration': 7.14.5
      '@babel/helper-validator-identifier': 7.14.5
      '@babel/template': 7.14.5
      '@babel/traverse': 7.14.5
      '@babel/types': 7.14.5
    transitivePeerDependencies:
      - supports-color
    dev: true

  /@babel/helper-optimise-call-expression/7.14.5:
    resolution: {integrity: sha512-IqiLIrODUOdnPU9/F8ib1Fx2ohlgDhxnIDU7OEVi+kAbEZcyiF7BLU8W6PfvPi9LzztjS7kcbzbmL7oG8kD6VA==}
    engines: {node: '>=6.9.0'}
    dependencies:
      '@babel/types': 7.14.5
    dev: true

  /@babel/helper-plugin-utils/7.14.5:
    resolution: {integrity: sha512-/37qQCE3K0vvZKwoK4XU/irIJQdIfCJuhU5eKnNxpFDsOkgFaUAwbv+RYw6eYgsC0E4hS7r5KqGULUogqui0fQ==}
    engines: {node: '>=6.9.0'}
    dev: true

  /@babel/helper-replace-supers/7.14.5:
    resolution: {integrity: sha512-3i1Qe9/8x/hCHINujn+iuHy+mMRLoc77b2nI9TB0zjH1hvn9qGlXjWlggdwUcju36PkPCy/lpM7LLUdcTyH4Ow==}
    engines: {node: '>=6.9.0'}
    dependencies:
      '@babel/helper-member-expression-to-functions': 7.14.5
      '@babel/helper-optimise-call-expression': 7.14.5
      '@babel/traverse': 7.14.5
      '@babel/types': 7.14.5
    transitivePeerDependencies:
      - supports-color
    dev: true

  /@babel/helper-simple-access/7.14.5:
    resolution: {integrity: sha512-nfBN9xvmCt6nrMZjfhkl7i0oTV3yxR4/FztsbOASyTvVcoYd0TRHh7eMLdlEcCqobydC0LAF3LtC92Iwxo0wyw==}
    engines: {node: '>=6.9.0'}
    dependencies:
      '@babel/types': 7.14.5
    dev: true

  /@babel/helper-split-export-declaration/7.14.5:
    resolution: {integrity: sha512-hprxVPu6e5Kdp2puZUmvOGjaLv9TCe58E/Fl6hRq4YiVQxIcNvuq6uTM2r1mT/oPskuS9CgR+I94sqAYv0NGKA==}
    engines: {node: '>=6.9.0'}
    dependencies:
      '@babel/types': 7.14.5
    dev: true

  /@babel/helper-validator-identifier/7.14.5:
    resolution: {integrity: sha512-5lsetuxCLilmVGyiLEfoHBRX8UCFD+1m2x3Rj97WrW3V7H3u4RWRXA4evMjImCsin2J2YT0QaVDGf+z8ondbAg==}
    engines: {node: '>=6.9.0'}
    dev: true

  /@babel/helper-validator-option/7.14.5:
    resolution: {integrity: sha512-OX8D5eeX4XwcroVW45NMvoYaIuFI+GQpA2a8Gi+X/U/cDUIRsV37qQfF905F0htTRCREQIB4KqPeaveRJUl3Ow==}
    engines: {node: '>=6.9.0'}
    dev: true

  /@babel/helpers/7.14.5:
    resolution: {integrity: sha512-xtcWOuN9VL6nApgVHtq3PPcQv5qFBJzoSZzJ/2c0QK/IP/gxVcoWSNQwFEGvmbQsuS9rhYqjILDGGXcTkA705Q==}
    engines: {node: '>=6.9.0'}
    dependencies:
      '@babel/template': 7.14.5
      '@babel/traverse': 7.14.5
      '@babel/types': 7.14.5
    transitivePeerDependencies:
      - supports-color
    dev: true

  /@babel/helpers/7.14.6:
    resolution: {integrity: sha512-yesp1ENQBiLI+iYHSJdoZKUtRpfTlL1grDIX9NRlAVppljLw/4tTyYupIB7uIYmC3stW/imAv8EqaKaS/ibmeA==}
    engines: {node: '>=6.9.0'}
    dependencies:
      '@babel/template': 7.14.5
      '@babel/traverse': 7.14.5
      '@babel/types': 7.14.5
    transitivePeerDependencies:
      - supports-color
    dev: true

  /@babel/highlight/7.14.5:
    resolution: {integrity: sha512-qf9u2WFWVV0MppaL877j2dBtQIDgmidgjGk5VIMw3OadXvYaXn66U1BFlH2t4+t3i+8PhedppRv+i40ABzd+gg==}
    engines: {node: '>=6.9.0'}
    dependencies:
      '@babel/helper-validator-identifier': 7.14.5
      chalk: 2.4.2
      js-tokens: 4.0.0
    dev: true

  /@babel/parser/7.14.5:
    resolution: {integrity: sha512-TM8C+xtH/9n1qzX+JNHi7AN2zHMTiPUtspO0ZdHflW8KaskkALhMmuMHb4bCmNdv9VAPzJX3/bXqkVLnAvsPfg==}
    engines: {node: '>=6.0.0'}
    hasBin: true
    dev: true

  /@babel/parser/7.14.6:
    resolution: {integrity: sha512-oG0ej7efjEXxb4UgE+klVx+3j4MVo+A2vCzm7OUN4CLo6WhQ+vSOD2yJ8m7B+DghObxtLxt3EfgMWpq+AsWehQ==}
    engines: {node: '>=6.0.0'}
    hasBin: true
    dev: true

  /@babel/plugin-syntax-jsx/7.14.5_@babel+core@7.14.6:
    resolution: {integrity: sha512-ohuFIsOMXJnbOMRfX7/w7LocdR6R7whhuRD4ax8IipLcLPlZGJKkBxgHp++U4N/vKyU16/YDQr2f5seajD3jIw==}
    engines: {node: '>=6.9.0'}
    peerDependencies:
      '@babel/core': ^7.0.0-0
    dependencies:
      '@babel/core': 7.14.6
      '@babel/helper-plugin-utils': 7.14.5
    dev: true

  /@babel/plugin-syntax-typescript/7.14.5_@babel+core@7.14.5:
    resolution: {integrity: sha512-u6OXzDaIXjEstBRRoBCQ/uKQKlbuaeE5in0RvWdA4pN6AhqxTIwUsnHPU1CFZA/amYObMsuWhYfRl3Ch90HD0Q==}
    engines: {node: '>=6.9.0'}
    peerDependencies:
      '@babel/core': ^7.0.0-0
    dependencies:
      '@babel/core': 7.14.5
      '@babel/helper-plugin-utils': 7.14.5
    dev: true

  /@babel/plugin-syntax-typescript/7.14.5_@babel+core@7.14.6:
    resolution: {integrity: sha512-u6OXzDaIXjEstBRRoBCQ/uKQKlbuaeE5in0RvWdA4pN6AhqxTIwUsnHPU1CFZA/amYObMsuWhYfRl3Ch90HD0Q==}
    engines: {node: '>=6.9.0'}
    peerDependencies:
      '@babel/core': ^7.0.0-0
    dependencies:
      '@babel/core': 7.14.6
      '@babel/helper-plugin-utils': 7.14.5
    dev: true

  /@babel/plugin-transform-typescript/7.14.6_@babel+core@7.14.5:
    resolution: {integrity: sha512-XlTdBq7Awr4FYIzqhmYY80WN0V0azF74DMPyFqVHBvf81ZUgc4X7ZOpx6O8eLDK6iM5cCQzeyJw0ynTaefixRA==}
    engines: {node: '>=6.9.0'}
    peerDependencies:
      '@babel/core': ^7.0.0-0
    dependencies:
      '@babel/core': 7.14.5
      '@babel/helper-create-class-features-plugin': 7.14.6_@babel+core@7.14.5
      '@babel/helper-plugin-utils': 7.14.5
      '@babel/plugin-syntax-typescript': 7.14.5_@babel+core@7.14.5
    transitivePeerDependencies:
      - supports-color
    dev: true

  /@babel/plugin-transform-typescript/7.14.6_@babel+core@7.14.6:
    resolution: {integrity: sha512-XlTdBq7Awr4FYIzqhmYY80WN0V0azF74DMPyFqVHBvf81ZUgc4X7ZOpx6O8eLDK6iM5cCQzeyJw0ynTaefixRA==}
    engines: {node: '>=6.9.0'}
    peerDependencies:
      '@babel/core': ^7.0.0-0
    dependencies:
      '@babel/core': 7.14.6
      '@babel/helper-create-class-features-plugin': 7.14.6_@babel+core@7.14.6
      '@babel/helper-plugin-utils': 7.14.5
      '@babel/plugin-syntax-typescript': 7.14.5_@babel+core@7.14.6
    transitivePeerDependencies:
      - supports-color
    dev: true

  /@babel/preset-typescript/7.14.5_@babel+core@7.14.5:
    resolution: {integrity: sha512-u4zO6CdbRKbS9TypMqrlGH7sd2TAJppZwn3c/ZRLeO/wGsbddxgbPDUZVNrie3JWYLQ9vpineKlsrWFvO6Pwkw==}
    engines: {node: '>=6.9.0'}
    peerDependencies:
      '@babel/core': ^7.0.0-0
    dependencies:
      '@babel/core': 7.14.5
      '@babel/helper-plugin-utils': 7.14.5
      '@babel/helper-validator-option': 7.14.5
      '@babel/plugin-transform-typescript': 7.14.6_@babel+core@7.14.5
    transitivePeerDependencies:
      - supports-color
    dev: true

  /@babel/preset-typescript/7.14.5_@babel+core@7.14.6:
    resolution: {integrity: sha512-u4zO6CdbRKbS9TypMqrlGH7sd2TAJppZwn3c/ZRLeO/wGsbddxgbPDUZVNrie3JWYLQ9vpineKlsrWFvO6Pwkw==}
    engines: {node: '>=6.9.0'}
    peerDependencies:
      '@babel/core': ^7.0.0-0
    dependencies:
      '@babel/core': 7.14.6
      '@babel/helper-plugin-utils': 7.14.5
      '@babel/helper-validator-option': 7.14.5
      '@babel/plugin-transform-typescript': 7.14.6_@babel+core@7.14.6
    transitivePeerDependencies:
      - supports-color
    dev: true

  /@babel/template/7.14.5:
    resolution: {integrity: sha512-6Z3Po85sfxRGachLULUhOmvAaOo7xCvqGQtxINai2mEGPFm6pQ4z5QInFnUrRpfoSV60BnjyF5F3c+15fxFV1g==}
    engines: {node: '>=6.9.0'}
    dependencies:
      '@babel/code-frame': 7.14.5
      '@babel/parser': 7.14.5
      '@babel/types': 7.14.5
    dev: true

  /@babel/traverse/7.14.5:
    resolution: {integrity: sha512-G3BiS15vevepdmFqmUc9X+64y0viZYygubAMO8SvBmKARuF6CPSZtH4Ng9vi/lrWlZFGe3FWdXNy835akH8Glg==}
    engines: {node: '>=6.9.0'}
    dependencies:
      '@babel/code-frame': 7.14.5
      '@babel/generator': 7.14.5
      '@babel/helper-function-name': 7.14.5
      '@babel/helper-hoist-variables': 7.14.5
      '@babel/helper-split-export-declaration': 7.14.5
      '@babel/parser': 7.14.5
      '@babel/types': 7.14.5
      debug: 4.3.1
      globals: 11.12.0
    transitivePeerDependencies:
      - supports-color
    dev: true

  /@babel/types/7.14.5:
    resolution: {integrity: sha512-M/NzBpEL95I5Hh4dwhin5JlE7EzO5PHMAuzjxss3tiOBD46KfQvVedN/3jEPZvdRvtsK2222XfdHogNIttFgcg==}
    engines: {node: '>=6.9.0'}
    dependencies:
      '@babel/helper-validator-identifier': 7.14.5
      to-fast-properties: 2.0.0
    dev: true

  /@nodelib/fs.scandir/2.1.4:
    resolution: {integrity: sha512-33g3pMJk3bg5nXbL/+CY6I2eJDzZAni49PfJnL5fghPTggPvBd/pFNSgJsdAgWptuFu7qq/ERvOYFlhvsLTCKA==}
    engines: {node: '>= 8'}
    dependencies:
      '@nodelib/fs.stat': 2.0.4
      run-parallel: 1.2.0
    dev: true

  /@nodelib/fs.stat/2.0.4:
    resolution: {integrity: sha512-IYlHJA0clt2+Vg7bccq+TzRdJvv19c2INqBSsoOLp1je7xjtr7J26+WXR72MCdvU9q1qTzIWDfhMf+DRvQJK4Q==}
    engines: {node: '>= 8'}
    dev: true

  /@nodelib/fs.walk/1.2.6:
    resolution: {integrity: sha512-8Broas6vTtW4GIXTAHDoE32hnN2M5ykgCpWGbuXHQ15vEMqr23pB76e/GZcYsZCHALv50ktd24qhEyKr6wBtow==}
    engines: {node: '>= 8'}
    dependencies:
      '@nodelib/fs.scandir': 2.1.4
      fastq: 1.11.0
    dev: true

  /@rollup/plugin-babel/5.3.0_@babel+core@7.14.5+rollup@2.52.1:
    resolution: {integrity: sha512-9uIC8HZOnVLrLHxayq/PTzw+uS25E14KPUBh5ktF+18Mjo5yK0ToMMx6epY0uEgkjwJw0aBW4x2horYXh8juWw==}
    engines: {node: '>= 10.0.0'}
    peerDependencies:
      '@babel/core': ^7.0.0
      '@types/babel__core': ^7.1.9
      rollup: ^1.20.0||^2.0.0
    peerDependenciesMeta:
      '@types/babel__core':
        optional: true
    dependencies:
      '@babel/core': 7.14.5
      '@babel/helper-module-imports': 7.14.5
      '@rollup/pluginutils': 3.1.0_rollup@2.52.1
      rollup: 2.52.1
    dev: true

  /@rollup/plugin-node-resolve/13.0.0_rollup@2.52.1:
    resolution: {integrity: sha512-41X411HJ3oikIDivT5OKe9EZ6ud6DXudtfNrGbC4nniaxx2esiWjkLOzgnZsWq1IM8YIeL2rzRGLZLBjlhnZtQ==}
    engines: {node: '>= 10.0.0'}
    peerDependencies:
      rollup: ^2.42.0
    dependencies:
      '@rollup/pluginutils': 3.1.0_rollup@2.52.1
      '@types/resolve': 1.17.1
      builtin-modules: 3.2.0
      deepmerge: 4.2.2
      is-module: 1.0.0
      resolve: 1.20.0
      rollup: 2.52.1
    dev: true

  /@rollup/pluginutils/3.1.0_rollup@2.52.1:
    resolution: {integrity: sha512-GksZ6pr6TpIjHm8h9lSQ8pi8BE9VeubNT0OMJ3B5uZJ8pz73NPiqOtCog/x2/QzM1ENChPKxMDhiQuRHsqc+lg==}
    engines: {node: '>= 8.0.0'}
    peerDependencies:
      rollup: ^1.20.0||^2.0.0
    dependencies:
      '@types/estree': 0.0.39
      estree-walker: 1.0.1
      picomatch: 2.3.0
      rollup: 2.52.1
    dev: true

  /@types/estree/0.0.39:
    resolution: {integrity: sha512-EYNwp3bU+98cpU4lAWYYL7Zz+2gryWH1qbdDTidVd6hkiR6weksdbMadyXKXNPEkQFhXM+hVO9ZygomHXp+AIw==}
    dev: true

  /@types/node/15.12.2:
    resolution: {integrity: sha512-zjQ69G564OCIWIOHSXyQEEDpdpGl+G348RAKY0XXy9Z5kU9Vzv1GMNnkar/ZJ8dzXB3COzD9Mo9NtRZ4xfgUww==}
    dev: true

  /@types/resolve/1.17.1:
    resolution: {integrity: sha512-yy7HuzQhj0dhGpD8RLXSZWEkLsV9ibvxvi6EiJ3bkqLAO1RGo0WbkWQiwpRlSFymTJRz0d3k5LM3kkx8ArDbLw==}
    dependencies:
      '@types/node': 15.12.2
    dev: true

  /@windicss/plugin-utils/0.16.7:
    resolution: {integrity: sha512-mxgTj/MkemN8JlyfaS20OAJ0BqTUoUlDT9wD/m5U+nUa5SN/r0kPlg1IW9SbmRTrYjNXWEENf9F0Fjb/X4zn6g==}
    dependencies:
      '@antfu/utils': 0.1.6
      debug: 4.3.2
      fast-glob: 3.2.5
      jiti: 1.10.1
      magic-string: 0.25.7
      micromatch: 4.0.4
      windicss: 3.0.12
    transitivePeerDependencies:
      - supports-color
    dev: true

  /ansi-styles/3.2.1:
    resolution: {integrity: sha512-VT0ZI6kZRdTh8YyJw3SMbYm/u+NqfsAxEpWO0Pf9sq8/e94WxxOpPKx9FR1FlyCtOVDNOQ+8ntlqFxiRc+r5qA==}
    engines: {node: '>=4'}
    dependencies:
      color-convert: 1.9.3
    dev: true

  /ansi-styles/4.3.0:
    resolution: {integrity: sha512-zbB9rCJAT1rbjiVDb2hqKFHNYLxgtk8NURxZ3IZwD3F6NtxbXZQCnnSi1Lkx+IDohdPlFp222wVALIheZJQSEg==}
    engines: {node: '>=8'}
    dependencies:
      color-convert: 2.0.1
    dev: true

  /async/2.6.3:
    resolution: {integrity: sha512-zflvls11DCy+dQWzTW2dzuilv8Z5X/pjfmZOWba6TNIVDm+2UDaJmXSOXlasHKfNBs8oo3M0aT50fDEWfKZjXg==}
    dependencies:
      lodash: 4.17.21
    dev: true

  /babel-plugin-jsx-dom-expressions/0.28.5_@babel+core@7.14.6:
    resolution: {integrity: sha512-7zM3SSA7qhvg6TDaTfbN4fR4FCdMAc+2wj711BCiOg6rPY9bK2ZIZw8dQlDhxH2LLnAqN35CcYuoJx7OBxW3aw==}
    dependencies:
      '@babel/helper-module-imports': 7.14.5
      '@babel/plugin-syntax-jsx': 7.14.5_@babel+core@7.14.6
      '@babel/types': 7.14.5
    transitivePeerDependencies:
      - '@babel/core'
    dev: true

  /babel-preset-solid/1.0.0-rc.5_@babel+core@7.14.6:
    resolution: {integrity: sha512-SmjzUJJq0r2OVSG2AYFegpbGrT5IR7p9s0nQOiQsgCv+EBjeqHI5JCN4HC4syzF1qIJnMcItVyPTHeA8hEYuEw==}
    dependencies:
      babel-plugin-jsx-dom-expressions: 0.28.5_@babel+core@7.14.6
    transitivePeerDependencies:
      - '@babel/core'
    dev: true

  /basic-auth/1.1.0:
    resolution: {integrity: sha1-RSIe5Cn37h5QNb4/UVM/HN/SmIQ=}
    engines: {node: '>= 0.6'}
    dev: true

  /braces/3.0.2:
    resolution: {integrity: sha512-b8um+L1RzM3WDSzvhm6gIz1yfTbBt6YTlcEKAvsmqCZZFw46z626lVj9j1yEPW33H5H+lBQpZMP1k8l+78Ha0A==}
    engines: {node: '>=8'}
    dependencies:
      fill-range: 7.0.1
    dev: true

  /browserslist/4.16.6:
    resolution: {integrity: sha512-Wspk/PqO+4W9qp5iUTJsa1B/QrYn1keNCcEP5OvP7WBwT4KaDly0uONYmC6Xa3Z5IqnUgS0KcgLYu1l74x0ZXQ==}
    engines: {node: ^6 || ^7 || ^8 || ^9 || ^10 || ^11 || ^12 || >=13.7}
    hasBin: true
    dependencies:
      caniuse-lite: 1.0.30001233
      colorette: 1.2.2
      electron-to-chromium: 1.3.743
      escalade: 3.1.1
      node-releases: 1.1.72
    dev: true

  /buffer-from/1.1.1:
    resolution: {integrity: sha512-MQcXEUbCKtEo7bhqEs6560Hyd4XaovZlO/k9V3hjVUF/zwW7KBVdSK4gIt/bzwS9MbR5qob+F5jusZsb0YQK2A==}
    dev: true

  /builtin-modules/3.2.0:
    resolution: {integrity: sha512-lGzLKcioL90C7wMczpkY0n/oART3MbBa8R9OFGE1rJxoVI86u4WAGfEk8Wjv10eKSyTHVGkSo3bvBylCEtk7LA==}
    engines: {node: '>=6'}
    dev: true

  /call-bind/1.0.2:
    resolution: {integrity: sha512-7O+FbCihrB5WGbFYesctwmTKae6rOiIzmz1icreWJ+0aA7LJfuqhEso2T9ncpcFtzMQtzXf2QGGueWJGTYsqrA==}
    dependencies:
      function-bind: 1.1.1
      get-intrinsic: 1.1.1
    dev: true

  /caniuse-lite/1.0.30001233:
    resolution: {integrity: sha512-BmkbxLfStqiPA7IEzQpIk0UFZFf3A4E6fzjPJ6OR+bFC2L8ES9J8zGA/asoi47p8XDVkev+WJo2I2Nc8c/34Yg==}
    dev: true

  /chalk/2.4.2:
    resolution: {integrity: sha512-Mti+f9lpJNcwF4tWV8/OrTTtF1gZi+f8FqlyAdouralcFWFQWF2+NgCHShjkCb+IFBLq9buZwE1xckQU4peSuQ==}
    engines: {node: '>=4'}
    dependencies:
      ansi-styles: 3.2.1
      escape-string-regexp: 1.0.5
      supports-color: 5.5.0
    dev: true

  /chalk/4.1.1:
    resolution: {integrity: sha512-diHzdDKxcU+bAsUboHLPEDQiw0qEe0qd7SYUn3HgcFlWgbDcfLGswOHYeGrHKzG9z6UYf01d9VFMfZxPM1xZSg==}
    engines: {node: '>=10'}
    dependencies:
      ansi-styles: 4.3.0
      supports-color: 7.2.0
    dev: true

  /color-convert/1.9.3:
    resolution: {integrity: sha512-QfAUtd+vFdAtFQcC8CCyYt1fYWxSqAiK2cSD6zDB8N3cpsEBAvRxp9zOGg6G/SHHJYAT88/az/IuDGALsNVbGg==}
    dependencies:
      color-name: 1.1.3
    dev: true

  /color-convert/2.0.1:
    resolution: {integrity: sha512-RRECPsj7iu/xb5oKYcsFHSppFNnsj/52OVTRKb4zP5onXwVF3zVmmToNcOfGC+CRDpfK/U584fMg38ZHCaElKQ==}
    engines: {node: '>=7.0.0'}
    dependencies:
      color-name: 1.1.4
    dev: true

  /color-name/1.1.3:
    resolution: {integrity: sha1-p9BVi9icQveV3UIyj3QIMcpTvCU=}
    dev: true

  /color-name/1.1.4:
    resolution: {integrity: sha512-dOy+3AuW3a2wNbZHIuMZpTcgjGuLU/uBL/ubcZF9OXbDo8ff4O8yVp5Bf0efS8uEoYo5q4Fx7dY9OgQGXgAsQA==}
    dev: true

  /colorette/1.2.2:
    resolution: {integrity: sha512-MKGMzyfeuutC/ZJ1cba9NqcNpfeqMUcYmyF1ZFY6/Cn7CNSAKx6a+s48sqLqyAiZuaP2TcqMhoo+dlwFnVxT9w==}
    dev: true

  /colors/1.4.0:
    resolution: {integrity: sha512-a+UqTh4kgZg/SlGvfbzDHpgRu7AAQOmmqRHJnxhRZICKFUT91brVhNNt58CMWU9PsBbv3PDCZUHbVxuDiH2mtA==}
    engines: {node: '>=0.1.90'}
    dev: true

  /commander/2.20.3:
    resolution: {integrity: sha512-GpVkmM8vF2vQUkj2LvZmD35JxeJOLCwJ9cUkugyk2nuhbv3+mJvpLYYt+0+USMxE+oj+ey/lJEnhZw75x/OMcQ==}
    dev: true

  /convert-source-map/1.7.0:
    resolution: {integrity: sha512-4FJkXzKXEDB1snCFZlLP4gpC3JILicCpGbzG9f9G7tGqGCzETQ2hWPrcinA9oU4wtf2biUaEH5065UnMeR33oA==}
    dependencies:
      safe-buffer: 5.1.2
    dev: true

  /corser/2.0.1:
    resolution: {integrity: sha1-jtolLsqrWEDc2XXOuQ2TcMgZ/4c=}
    engines: {node: '>= 0.4.0'}
    dev: true

  /debug/3.2.7:
    resolution: {integrity: sha512-CFjzYYAi4ThfiQvizrFQevTTXHtnCqWfe7x1AhgEscTz6ZbLbfoLRLPugTQyBth6f8ZERVUSyWHFD/7Wu4t1XQ==}
    dependencies:
      ms: 2.1.3
    dev: true

  /debug/4.3.1:
    resolution: {integrity: sha512-doEwdvm4PCeK4K3RQN2ZC2BYUBaxwLARCqZmMjtF8a51J2Rb0xpVloFRnCODwqjpwnAoao4pelN8l3RJdv3gRQ==}
    engines: {node: '>=6.0'}
    peerDependencies:
      supports-color: '*'
    peerDependenciesMeta:
      supports-color:
        optional: true
    dependencies:
      ms: 2.1.2
    dev: true

  /debug/4.3.2:
    resolution: {integrity: sha512-mOp8wKcvj7XxC78zLgw/ZA+6TSgkoE2C/ienthhRD298T7UNwAg9diBpLRxC0mOezLl4B0xV7M0cCO6P/O0Xhw==}
    engines: {node: '>=6.0'}
    peerDependencies:
      supports-color: '*'
    peerDependenciesMeta:
      supports-color:
        optional: true
    dependencies:
      ms: 2.1.2
    dev: true

  /deepmerge/4.2.2:
    resolution: {integrity: sha512-FJ3UgI4gIl+PHZm53knsuSFpE+nESMr7M4v9QcgB7S63Kj/6WqMiFQJpBBYz1Pt+66bZpP3Q7Lye0Oo9MPKEdg==}
    engines: {node: '>=0.10.0'}
    dev: true

  /ecstatic/3.3.2:
    resolution: {integrity: sha512-fLf9l1hnwrHI2xn9mEDT7KIi22UDqA2jaCwyCbSUJh9a1V+LEUSL/JO/6TIz/QyuBURWUHrFL5Kg2TtO1bkkog==}
    hasBin: true
    dependencies:
      he: 1.2.0
      mime: 1.6.0
      minimist: 1.2.5
      url-join: 2.0.5
    dev: true

  /electron-to-chromium/1.3.743:
    resolution: {integrity: sha512-K2wXfo9iZQzNJNx67+Pld0DRF+9bYinj62gXCdgPhcu1vidwVuLPHQPPFnCdO55njWigXXpfBiT90jGUPbw8Zg==}
    dev: true

  /esbuild/0.12.5:
    resolution: {integrity: sha512-vcuP53pA5XiwUU4FnlXM+2PnVjTfHGthM7uP1gtp+9yfheGvFFbq/KyuESThmtoHPUrfZH5JpxGVJIFDVD1Egw==}
    hasBin: true
    requiresBuild: true
    dev: true

  /esbuild/0.12.9:
    resolution: {integrity: sha512-MWRhAbMOJ9RJygCrt778rz/qNYgA4ZVj6aXnNPxFjs7PmIpb0fuB9Gmg5uWrr6n++XKwwm/RmSz6RR5JL2Ocsw==}
    hasBin: true
    requiresBuild: true
    dev: true

  /escalade/3.1.1:
    resolution: {integrity: sha512-k0er2gUkLf8O0zKJiAhmkTnJlTvINGv7ygDNPbeIsX/TJjGJZHuh9B2UxbsaEkmlEo9MfhrSzmhIlhRlI2GXnw==}
    engines: {node: '>=6'}
    dev: true

  /escape-string-regexp/1.0.5:
    resolution: {integrity: sha1-G2HAViGQqN/2rjuyzwIAyhMLhtQ=}
    engines: {node: '>=0.8.0'}
    dev: true

  /estree-walker/1.0.1:
    resolution: {integrity: sha512-1fMXF3YP4pZZVozF8j/ZLfvnR8NSIljt56UhbZ5PeeDmmGHpgpdwQt7ITlGvYaQukCvuBRMLEiKiYC+oeIg4cg==}
    dev: true

  /eventemitter3/4.0.7:
    resolution: {integrity: sha512-8guHBZCwKnFhYdHr2ysuRWErTwhoN2X8XELRlrRwpmfeY2jjuUN4taQMsULKUVo1K4DvZl+0pgfyoysHxvmvEw==}
    dev: true

  /fast-glob/3.2.5:
    resolution: {integrity: sha512-2DtFcgT68wiTTiwZ2hNdJfcHNke9XOfnwmBRWXhmeKM8rF0TGwmC/Qto3S7RoZKp5cilZbxzO5iTNTQsJ+EeDg==}
    engines: {node: '>=8'}
    dependencies:
      '@nodelib/fs.stat': 2.0.4
      '@nodelib/fs.walk': 1.2.6
      glob-parent: 5.1.2
      merge2: 1.4.1
      micromatch: 4.0.4
      picomatch: 2.3.0
    dev: true

  /fastq/1.11.0:
    resolution: {integrity: sha512-7Eczs8gIPDrVzT+EksYBcupqMyxSHXXrHOLRRxU2/DicV8789MRBRR8+Hc2uWzUupOs4YS4JzBmBxjjCVBxD/g==}
    dependencies:
      reusify: 1.0.4
    dev: true

  /fill-range/7.0.1:
    resolution: {integrity: sha512-qOo9F+dMUmC2Lcb4BbVvnKJxTPjCm+RRpe4gDuGrzkL7mEVl/djYSu2OdQ2Pa302N4oqkSg9ir6jaLWJ2USVpQ==}
    engines: {node: '>=8'}
    dependencies:
      to-regex-range: 5.0.1
    dev: true

  /follow-redirects/1.14.1:
    resolution: {integrity: sha512-HWqDgT7ZEkqRzBvc2s64vSZ/hfOceEol3ac/7tKwzuvEyWx3/4UegXh5oBOIotkGsObyk3xznnSRVADBgWSQVg==}
    engines: {node: '>=4.0'}
    peerDependencies:
      debug: '*'
    peerDependenciesMeta:
      debug:
        optional: true
    dev: true

  /fsevents/2.3.2:
    resolution: {integrity: sha512-xiqMQR4xAeHTuB9uWm+fFRcIOgKBMiOBP+eXiyT7jsgVCq1bkVygt00oASowB7EdtpOHaaPgKt812P9ab+DDKA==}
    engines: {node: ^8.16.0 || ^10.6.0 || >=11.0.0}
    os: [darwin]
    dev: true
    optional: true

  /function-bind/1.1.1:
    resolution: {integrity: sha512-yIovAzMX49sF8Yl58fSCWJ5svSLuaibPxXQJFLmBObTuCr0Mf1KiPopGM9NiFjiYBCbfaa2Fh6breQ6ANVTI0A==}
    dev: true

  /gensync/1.0.0-beta.2:
    resolution: {integrity: sha512-3hN7NaskYvMDLQY55gnW3NQ+mesEAepTqlg+VEbj7zzqEMBVNhzcGYYeqFo/TlYz6eQiFcp1HcsCZO+nGgS8zg==}
    engines: {node: '>=6.9.0'}
    dev: true

  /get-intrinsic/1.1.1:
    resolution: {integrity: sha512-kWZrnVM42QCiEA2Ig1bG8zjoIMOgxWwYCEeNdwY6Tv/cOSeGpcoX4pXHfKUxNKVoArnrEr2e9srnAxxGIraS9Q==}
    dependencies:
      function-bind: 1.1.1
      has: 1.0.3
      has-symbols: 1.0.2
    dev: true

  /glob-parent/5.1.2:
    resolution: {integrity: sha512-AOIgSQCepiJYwP3ARnGx+5VnTu2HBYdzbGP45eLw1vr3zB3vZLeyed1sC9hnbcOc9/SrMyM5RPQrkGz4aS9Zow==}
    engines: {node: '>= 6'}
    dependencies:
      is-glob: 4.0.1
    dev: true

  /globals/11.12.0:
    resolution: {integrity: sha512-WOBp/EEGUiIsJSp7wcv/y6MO+lV9UoncWqxuFfm8eBwzWNgyfBd6Gz+IeKQ9jCmyhoH99g15M3T+QaVHFjizVA==}
    engines: {node: '>=4'}
    dev: true

  /has-flag/3.0.0:
    resolution: {integrity: sha1-tdRU3CGZriJWmfNGfloH87lVuv0=}
    engines: {node: '>=4'}
    dev: true

  /has-flag/4.0.0:
    resolution: {integrity: sha512-EykJT/Q1KjTWctppgIAgfSO0tKVuZUjhgMr17kqTumMl6Afv3EISleU7qZUzoXDFTAHTDC4NOoG/ZxU3EvlMPQ==}
    engines: {node: '>=8'}
    dev: true

  /has-symbols/1.0.2:
    resolution: {integrity: sha512-chXa79rL/UC2KlX17jo3vRGz0azaWEx5tGqZg5pO3NUyEJVB17dMruQlzCCOfUvElghKcm5194+BCRvi2Rv/Gw==}
    engines: {node: '>= 0.4'}
    dev: true

  /has/1.0.3:
    resolution: {integrity: sha512-f2dvO0VU6Oej7RkWJGrehjbzMAjFp5/VKPp5tTpWIV4JHHZK1/BxbFRtf/siA2SWTe09caDmVtYYzWEIbBS4zw==}
    engines: {node: '>= 0.4.0'}
    dependencies:
      function-bind: 1.1.1
    dev: true

  /he/1.2.0:
    resolution: {integrity: sha512-F/1DnUGPopORZi0ni+CvrCgHQ5FyEAHRLSApuYWMmrbSwoN2Mn/7k+Gl38gJnR7yyDZk6WLXwiGod1JOWNDKGw==}
    hasBin: true
    dev: true

  /http-proxy/1.18.1:
    resolution: {integrity: sha512-7mz/721AbnJwIVbnaSv1Cz3Am0ZLT/UBwkC92VlxhXv/k/BBQfM2fXElQNC27BVGr0uwUpplYPQM9LnaBMR5NQ==}
    engines: {node: '>=8.0.0'}
    dependencies:
      eventemitter3: 4.0.7
      follow-redirects: 1.14.1
      requires-port: 1.0.0
    transitivePeerDependencies:
      - debug
    dev: true

  /http-server/0.12.3:
    resolution: {integrity: sha512-be0dKG6pni92bRjq0kvExtj/NrrAd28/8fCXkaI/4piTwQMSDSLMhWyW0NI1V+DBI3aa1HMlQu46/HjVLfmugA==}
    engines: {node: '>=6'}
    hasBin: true
    dependencies:
      basic-auth: 1.1.0
      colors: 1.4.0
      corser: 2.0.1
      ecstatic: 3.3.2
      http-proxy: 1.18.1
      minimist: 1.2.5
      opener: 1.5.2
      portfinder: 1.0.28
      secure-compare: 3.0.1
      union: 0.5.0
    transitivePeerDependencies:
      - debug
    dev: true

  /is-core-module/2.4.0:
    resolution: {integrity: sha512-6A2fkfq1rfeQZjxrZJGerpLCTHRNEBiSgnu0+obeJpEPZRUooHgsizvzv0ZjJwOz3iWIHdJtVWJ/tmPr3D21/A==}
    dependencies:
      has: 1.0.3
    dev: true

  /is-extglob/2.1.1:
    resolution: {integrity: sha1-qIwCU1eR8C7TfHahueqXc8gz+MI=}
    engines: {node: '>=0.10.0'}
    dev: true

  /is-glob/4.0.1:
    resolution: {integrity: sha512-5G0tKtBTFImOqDnLB2hG6Bp2qcKEFduo4tZu9MT/H6NQv/ghhy30o55ufafxJ/LdH79LLs2Kfrn85TLKyA7BUg==}
    engines: {node: '>=0.10.0'}
    dependencies:
      is-extglob: 2.1.1
    dev: true

  /is-module/1.0.0:
    resolution: {integrity: sha1-Mlj7afeMFNW4FdZkM2tM/7ZEFZE=}
    dev: true

  /is-number/7.0.0:
    resolution: {integrity: sha512-41Cifkg6e8TylSpdtTpeLVMqvSBEVzTttHvERD741+pnZ8ANv0004MRL43QKPDlK9cGvNp6NZWZUBlbGXYxxng==}
    engines: {node: '>=0.12.0'}
    dev: true

  /is-what/3.14.1:
    resolution: {integrity: sha512-sNxgpk9793nzSs7bA6JQJGeIuRBQhAaNGG77kzYQgMkrID+lS6SlK07K5LaptscDlSaIgH+GPFzf+d75FVxozA==}
    dev: true

  /jest-worker/26.6.2:
    resolution: {integrity: sha512-KWYVV1c4i+jbMpaBC+U++4Va0cp8OisU185o73T1vo99hqi7w8tSJfUXYswwqqrjzwxa6KpRK54WhPvwf5w6PQ==}
    engines: {node: '>= 10.13.0'}
    dependencies:
      '@types/node': 15.12.2
      merge-stream: 2.0.0
      supports-color: 7.2.0
    dev: true

  /jiti/1.10.1:
    resolution: {integrity: sha512-qux9juDtAC8HlZxAk/fku73ak4TWNLigRFTNzFShE/kw4bXVFsVu538vLXAxvNyPszXgpX4YxkXfwTYEi+zf5A==}
    hasBin: true
    dev: true

  /js-tokens/4.0.0:
    resolution: {integrity: sha512-RdJUflcE3cUzKiMqQgsCu06FPu9UdIJO0beYbPhHN4k6apgJtifcoCtT9bcxOpYBtpD2kCM6Sbzg4CausW/PKQ==}
    dev: true

  /jsesc/2.5.2:
    resolution: {integrity: sha512-OYu7XEzjkCQ3C5Ps3QIZsQfNpqoJyZZA99wd9aWd05NCtC5pWOkShK2mkL6HXQR6/Cy2lbNdPlZBpuQHXE63gA==}
    engines: {node: '>=4'}
    hasBin: true
    dev: true

  /json5/2.2.0:
    resolution: {integrity: sha512-f+8cldu7X/y7RAJurMEJmdoKXGB/X550w2Nr3tTbezL6RwEE/iMcm+tZnXeoZtKuOq6ft8+CqzEkrIgx1fPoQA==}
    engines: {node: '>=6'}
    hasBin: true
    dependencies:
      minimist: 1.2.5
    dev: true

  /lodash/4.17.21:
    resolution: {integrity: sha512-v2kDEe57lecTulaDIuNTPy3Ry4gLGJ6Z1O3vE1krgXZNrsQ+LFTGHVxVjcXPs17LhbZVGedAJv8XZ1tvj5FvSg==}
    dev: true

  /magic-string/0.25.7:
    resolution: {integrity: sha512-4CrMT5DOHTDk4HYDlzmwu4FVCcIYI8gauveasrdCu2IKIFOJ3f0v/8MDGJCDL9oD2ppz/Av1b0Nj345H9M+XIA==}
    dependencies:
      sourcemap-codec: 1.4.8
    dev: true

  /merge-anything/4.0.1:
    resolution: {integrity: sha512-KsFjBYc3juDoHz9Vzd5fte1nqp06H8SQ+yU344Dd0ZunwSgtltnC0kgKds8cbocJGyViLcBQuHkitbDXAqW+LQ==}
    dependencies:
      is-what: 3.14.1
      ts-toolbelt: 9.6.0
    dev: true

  /merge-stream/2.0.0:
    resolution: {integrity: sha512-abv/qOcuPfk3URPfDzmZU1LKmuw8kT+0nIHvKrKgFrwifol/doWcdA4ZqsWQ8ENrFKkd67Mfpo/LovbIUsbt3w==}
    dev: true

  /merge2/1.4.1:
    resolution: {integrity: sha512-8q7VEgMJW4J8tcfVPy8g09NcQwZdbwFEqhe/WZkoIzjn/3TGDwtOCYtXGxA3O8tPzpczCCDgv+P2P5y00ZJOOg==}
    engines: {node: '>= 8'}
    dev: true

  /micromatch/4.0.4:
    resolution: {integrity: sha512-pRmzw/XUcwXGpD9aI9q/0XOwLNygjETJ8y0ao0wdqprrzDa4YnxLcz7fQRZr8voh8V10kGhABbNcHVk5wHgWwg==}
    engines: {node: '>=8.6'}
    dependencies:
      braces: 3.0.2
      picomatch: 2.3.0
    dev: true

  /mime/1.6.0:
    resolution: {integrity: sha512-x0Vn8spI+wuJ1O6S7gnbaQg8Pxh4NNHb7KSINmEWKiPE4RKOplvijn+NkmYmmRgP68mc70j2EbeTFRsrswaQeg==}
    engines: {node: '>=4'}
    hasBin: true
    dev: true

  /minimist/1.2.5:
    resolution: {integrity: sha512-FM9nNUYrRBAELZQT3xeZQ7fmMOBg6nWNmJKTcgsJeaLstP/UODVpGsr5OhXhhXg6f+qtJ8uiZ+PUxkDWcgIXLw==}
    dev: true

  /mkdirp/0.5.5:
    resolution: {integrity: sha512-NKmAlESf6jMGym1++R0Ra7wvhV+wFW63FaSOFPwRahvea0gMUcGUhVeAg/0BC0wiv9ih5NYPB1Wn1UEI1/L+xQ==}
    hasBin: true
    dependencies:
      minimist: 1.2.5
    dev: true

  /ms/2.1.2:
    resolution: {integrity: sha512-sGkPx+VjMtmA6MX27oA4FBFELFCZZ4S4XqeGOXCv68tT+jb3vk/RyaKWP0PTKyWtmLSM0b+adUTEvbs1PEaH2w==}
    dev: true

  /ms/2.1.3:
    resolution: {integrity: sha512-6FlzubTLZG3J2a/NVCAleEhjzq5oxgHyaCU9yYXvcLsvoVaHJq/s5xXI6/XXP6tz7R9xAOtHnSO/tXtF3WRTlA==}
    dev: true

  /nanoid/3.1.23:
    resolution: {integrity: sha512-FiB0kzdP0FFVGDKlRLEQ1BgDzU87dy5NnzjeW9YZNt+/c3+q82EQDUwniSAUxp/F0gFNI1ZhKU1FqYsMuqZVnw==}
    engines: {node: ^10 || ^12 || ^13.7 || ^14 || >=15.0.1}
    hasBin: true
    dev: true

  /node-releases/1.1.72:
    resolution: {integrity: sha512-LLUo+PpH3dU6XizX3iVoubUNheF/owjXCZZ5yACDxNnPtgFuludV1ZL3ayK1kVep42Rmm0+R9/Y60NQbZ2bifw==}
    dev: true

  /object-inspect/1.10.3:
    resolution: {integrity: sha512-e5mCJlSH7poANfC8z8S9s9S2IN5/4Zb3aZ33f5s8YqoazCFzNLloLU8r5VCG+G7WoqLvAAZoVMcy3tp/3X0Plw==}
    dev: true

  /opener/1.5.2:
    resolution: {integrity: sha512-ur5UIdyw5Y7yEj9wLzhqXiy6GZ3Mwx0yGI+5sMn2r0N0v3cKJvUmFH5yPP+WXh9e0xfyzyJX95D8l088DNFj7A==}
    hasBin: true
    dev: true

  /path-parse/1.0.7:
    resolution: {integrity: sha512-LDJzPVEEEPR+y48z93A0Ed0yXb8pAByGWo/k5YYdYgpY2/2EsOsksJrq7lOHxryrVOn1ejG6oAp8ahvOIQD8sw==}
    dev: true

  /picomatch/2.3.0:
    resolution: {integrity: sha512-lY1Q/PiJGC2zOv/z391WOTD+Z02bCgsFfvxoXXf6h7kv9o+WmsmzYqrAwY63sNgOxE4xEdq0WyUnXfKeBrSvYw==}
    engines: {node: '>=8.6'}
    dev: true

  /portfinder/1.0.28:
    resolution: {integrity: sha512-Se+2isanIcEqf2XMHjyUKskczxbPH7dQnlMjXX6+dybayyHvAf/TCgyMRlzf/B6QDhAEFOGes0pzRo3by4AbMA==}
    engines: {node: '>= 0.12.0'}
    dependencies:
      async: 2.6.3
      debug: 3.2.7
      mkdirp: 0.5.5
    dev: true

  /postcss/8.3.0:
    resolution: {integrity: sha512-+ogXpdAjWGa+fdYY5BQ96V/6tAo+TdSSIMP5huJBIygdWwKtVoB5JWZ7yUd4xZ8r+8Kvvx4nyg/PQ071H4UtcQ==}
    engines: {node: ^10 || ^12 || >=14}
    dependencies:
      colorette: 1.2.2
      nanoid: 3.1.23
      source-map-js: 0.6.2
    dev: true

  /postcss/8.3.5:
    resolution: {integrity: sha512-NxTuJocUhYGsMiMFHDUkmjSKT3EdH4/WbGF6GCi1NDGk+vbcUTun4fpbOqaPtD8IIsztA2ilZm2DhYCuyN58gA==}
    engines: {node: ^10 || ^12 || >=14}
    dependencies:
      colorette: 1.2.2
      nanoid: 3.1.23
      source-map-js: 0.6.2
    dev: true

  /qs/6.10.1:
    resolution: {integrity: sha512-M528Hph6wsSVOBiYUnGf+K/7w0hNshs/duGsNXPUCLH5XAqjEtiPGwNONLV0tBH8NoGb0mvD5JubnUTrujKDTg==}
    engines: {node: '>=0.6'}
    dependencies:
      side-channel: 1.0.4
    dev: true

  /queue-microtask/1.2.3:
    resolution: {integrity: sha512-NuaNSa6flKT5JaSYQzJok04JzTL1CA6aGhv5rfLW3PgqA+M2ChpZQnAC8h8i4ZFkBS8X5RqkDBHA7r4hej3K9A==}
    dev: true

  /randombytes/2.1.0:
    resolution: {integrity: sha512-vYl3iOX+4CKUWuxGi9Ukhie6fsqXqS9FE2Zaic4tNFD2N2QQaXOMFbuKK4QmDHC0JO6B1Zp41J0LpT0oR68amQ==}
    dependencies:
      safe-buffer: 5.2.1
    dev: true

  /requires-port/1.0.0:
    resolution: {integrity: sha1-kl0mAdOaxIXgkc8NpcbmlNw9yv8=}
    dev: true

  /resolve/1.20.0:
    resolution: {integrity: sha512-wENBPt4ySzg4ybFQW2TT1zMQucPK95HSh/nq2CFTZVOGut2+pQvSsgtda4d26YrYcr067wjbmzOG8byDPBX63A==}
    dependencies:
      is-core-module: 2.4.0
      path-parse: 1.0.7
    dev: true

  /reusify/1.0.4:
    resolution: {integrity: sha512-U9nH88a3fc/ekCF1l0/UP1IosiuIjyTh7hBvXVMHYgVcfGvt897Xguj2UOLDeI5BG2m7/uwyaLVT6fbtCwTyzw==}
    engines: {iojs: '>=1.0.0', node: '>=0.10.0'}
    dev: true

  /rollup-plugin-terser/7.0.2_rollup@2.52.1:
    resolution: {integrity: sha512-w3iIaU4OxcF52UUXiZNsNeuXIMDvFrr+ZXK6bFZ0Q60qyVfq4uLptoS4bbq3paG3x216eQllFZX7zt6TIImguQ==}
    peerDependencies:
      rollup: ^2.0.0
    dependencies:
      '@babel/code-frame': 7.14.5
      jest-worker: 26.6.2
      rollup: 2.52.1
      serialize-javascript: 4.0.0
      terser: 5.7.0
    dev: true

  /rollup/2.50.5:
    resolution: {integrity: sha512-Ztz4NurU2LbS3Jn5rlhnYv35z6pkjBUmYKr94fOBIKINKRO6kug9NTFHArT7jqwMP2kqEZ39jJuEtkk91NBltQ==}
    engines: {node: '>=10.0.0'}
    hasBin: true
    optionalDependencies:
      fsevents: 2.3.2
    dev: true

  /rollup/2.52.1:
    resolution: {integrity: sha512-/SPqz8UGnp4P1hq6wc9gdTqA2bXQXGx13TtoL03GBm6qGRI6Hm3p4Io7GeiHNLl0BsQAne1JNYY+q/apcY933w==}
    engines: {node: '>=10.0.0'}
    hasBin: true
    optionalDependencies:
      fsevents: 2.3.2
    dev: true

  /run-parallel/1.2.0:
    resolution: {integrity: sha512-5l4VyZR86LZ/lDxZTR6jqL8AFE2S0IFLMP26AbjsLVADxHdhB/c0GUsH+y39UfCi3dzz8OlQuPmnaJOMoDHQBA==}
    dependencies:
      queue-microtask: 1.2.3
    dev: true

  /safe-buffer/5.1.2:
    resolution: {integrity: sha512-Gd2UZBJDkXlY7GbJxfsE8/nvKkUEU1G38c1siN6QP6a9PT9MmHB8GnpscSmMJSoF8LOIrt8ud/wPtojys4G6+g==}
    dev: true

  /safe-buffer/5.2.1:
    resolution: {integrity: sha512-rp3So07KcdmmKbGvgaNxQSJr7bGVSVk5S9Eq1F+ppbRo70+YeaDxkw5Dd8NPN+GD6bjnYm2VuPuCXmpuYvmCXQ==}
    dev: true

  /secure-compare/3.0.1:
    resolution: {integrity: sha1-8aAymzCLIh+uN7mXTz1XjQypmeM=}
    dev: true

  /semver/6.3.0:
    resolution: {integrity: sha512-b39TBaTSfV6yBrapU89p5fKekE2m/NwnDocOVruQFS1/veMgdzuPcnOM34M6CwxW8jH/lxEa5rBoDeUwu5HHTw==}
    hasBin: true
    dev: true

  /serialize-javascript/4.0.0:
    resolution: {integrity: sha512-GaNA54380uFefWghODBWEGisLZFj00nS5ACs6yHa9nLqlLpVLO8ChDGeKRjZnV4Nh4n0Qi7nhYZD/9fCPzEqkw==}
    dependencies:
      randombytes: 2.1.0
    dev: true

  /side-channel/1.0.4:
    resolution: {integrity: sha512-q5XPytqFEIKHkGdiMIrY10mvLRvnQh42/+GoBlFW3b2LXLE2xxJpZFdm94we0BaoV3RwJyGqg5wS7epxTv0Zvw==}
    dependencies:
      call-bind: 1.0.2
      get-intrinsic: 1.1.1
      object-inspect: 1.10.3
    dev: true

  /solid-app-router/0.0.45_solid-js@1.0.0-rc.5:
    resolution: {integrity: sha512-tWsZS1B8ClAxNcZgrYPbke5ebz0TN9dS/z4BotN6NVWE1mfW3k0EWvYKwvrefCyRlKu3boruEJe5yf3XxKxBtg==}
    peerDependencies:
      solid-js: '*'
    dependencies:
      solid-js: 1.0.0-rc.5
    dev: false

  /solid-js/1.0.0-rc.5:
    resolution: {integrity: sha512-0jGV4DucYQPGMsXPoYzg0l5JucrMjE9VqH5Pfbi9WivJU7v3YS0hl2zWis89GFML5cYuCRErZ+qcquwzMrRgaA==}

  /solid-refresh/0.1.2_solid-js@1.0.0-rc.5:
    resolution: {integrity: sha512-irpGTZcn9xtzTQZhHslIEB4D1zYpWizT6GZ15GXyQE/gFBn6bKo53umQGmhq3NqRFqPXXavFDhiEQnyC08gzNg==}
    peerDependencies:
      solid-js: '*'
    dependencies:
      solid-js: 1.0.0-rc.5
    dev: true

  /solid-ssr/0.26.5_solid-js@1.0.0-rc.5:
    resolution: {integrity: sha512-NKyma2p7yAd6Fiv+9Ltz0UfBJGLjE1BhTrEx8OHTFdHwaKpQCMidJGpDEvao4DQNxYhljhwASHw3SZ7F/heDLA==}
    peerDependencies:
      solid-js: '*'
    dependencies:
      solid-js: 1.0.0-rc.5
    dev: false

  /source-map-js/0.6.2:
    resolution: {integrity: sha512-/3GptzWzu0+0MBQFrDKzw/DvvMTUORvgY6k6jd/VS6iCR4RDTKWH6v6WPwQoUO8667uQEf9Oe38DxAYWY5F/Ug==}
    engines: {node: '>=0.10.0'}
    dev: true

  /source-map-support/0.5.19:
    resolution: {integrity: sha512-Wonm7zOCIJzBGQdB+thsPar0kYuCIzYvxZwlBa87yi/Mdjv7Tip2cyVbLj5o0cFPN4EVkuTwb3GDDyUx2DGnGw==}
    dependencies:
      buffer-from: 1.1.1
      source-map: 0.6.1
    dev: true

  /source-map/0.5.7:
    resolution: {integrity: sha1-igOdLRAh0i0eoUyA2OpGi6LvP8w=}
    engines: {node: '>=0.10.0'}
    dev: true

  /source-map/0.6.1:
    resolution: {integrity: sha512-UjgapumWlbMhkBgzT7Ykc5YXUT46F0iKu8SGXq0bcwP5dz/h0Plj6enJqjz1Zbq2l5WaqYnrVbwWOWMyF3F47g==}
    engines: {node: '>=0.10.0'}
    dev: true

  /source-map/0.7.3:
    resolution: {integrity: sha512-CkCj6giN3S+n9qrYiBTX5gystlENnRW5jZeNLHpe6aue+SrHcG5VYwujhW9s4dY31mEGsxBDrHR6oI69fTXsaQ==}
    engines: {node: '>= 8'}
    dev: true

  /sourcemap-codec/1.4.8:
    resolution: {integrity: sha512-9NykojV5Uih4lgo5So5dtw+f0JgJX30KCNI8gwhz2J9A15wD0Ml6tjHKwf6fTSa6fAdVBdZeNOs9eJ71qCk8vA==}
    dev: true

  /supports-color/5.5.0:
    resolution: {integrity: sha512-QjVjwdXIt408MIiAqCX4oUKsgU2EqAGzs2Ppkm4aQYbjm+ZEWEcW4SfFNTr4uMNZma0ey4f5lgLrkB0aX0QMow==}
    engines: {node: '>=4'}
    dependencies:
      has-flag: 3.0.0
    dev: true

  /supports-color/7.2.0:
    resolution: {integrity: sha512-qpCAvRl9stuOHveKsn7HncJRvv501qIacKzQlO/+Lwxc9+0q2wLyv4Dfvt80/DPn2pqOBsJdDiogXGR9+OvwRw==}
    engines: {node: '>=8'}
    dependencies:
      has-flag: 4.0.0
    dev: true

  /terser/5.7.0:
    resolution: {integrity: sha512-HP5/9hp2UaZt5fYkuhNBR8YyRcT8juw8+uFbAme53iN9hblvKnLUTKkmwJG6ocWpIKf8UK4DoeWG4ty0J6S6/g==}
    engines: {node: '>=10'}
    hasBin: true
    dependencies:
      commander: 2.20.3
      source-map: 0.7.3
      source-map-support: 0.5.19
    dev: true

  /to-fast-properties/2.0.0:
    resolution: {integrity: sha1-3F5pjL0HkmW8c+A3doGk5Og/YW4=}
    engines: {node: '>=4'}
    dev: true

  /to-regex-range/5.0.1:
    resolution: {integrity: sha512-65P7iz6X5yEr1cwcgvQxbbIw7Uk3gOy5dIdtZ4rDveLqhrdJP+Li/Hx6tyK0NEb+2GCyneCMJiGqrADCSNk8sQ==}
    engines: {node: '>=8.0'}
    dependencies:
      is-number: 7.0.0
    dev: true

  /ts-toolbelt/9.6.0:
    resolution: {integrity: sha512-nsZd8ZeNUzukXPlJmTBwUAuABDe/9qtVDelJeT/qW0ow3ZS3BsQJtNkan1802aM9Uf68/Y8ljw86Hu0h5IUW3w==}
    dev: true

  /typescript/4.3.4:
    resolution: {integrity: sha512-uauPG7XZn9F/mo+7MrsRjyvbxFpzemRjKEZXS4AK83oP2KKOJPvb+9cO/gmnv8arWZvhnjVOXz7B49m1l0e9Ew==}
    engines: {node: '>=4.2.0'}
    hasBin: true
    dev: true

  /union/0.5.0:
    resolution: {integrity: sha512-N6uOhuW6zO95P3Mel2I2zMsbsanvvtgn6jVqJv4vbVcz/JN0OkL9suomjQGmWtxJQXOCqUJvquc1sMeNz/IwlA==}
    engines: {node: '>= 0.8.0'}
    dependencies:
      qs: 6.10.1
    dev: true

  /url-join/2.0.5:
    resolution: {integrity: sha1-WvIvGMBSoACkjXuCxenC4v7tpyg=}
    dev: true

  /vite-plugin-solid/2.0.0-rc.2:
    resolution: {integrity: sha512-Ph5I7v/eYWKozTNB5PGTquizFF0cCz+sRZ1WWFYbuC13iHXuoeqorCKQNY37Y5epDNC+hKSJrzJzQxuNQwOnKg==}
    dependencies:
      '@babel/core': 7.14.6
      '@babel/preset-typescript': 7.14.5_@babel+core@7.14.6
      babel-preset-solid: 1.0.0-rc.5_@babel+core@7.14.6
      merge-anything: 4.0.1
      solid-js: 1.0.0-rc.5
      solid-refresh: 0.1.2_solid-js@1.0.0-rc.5
      vite: 2.3.6
    transitivePeerDependencies:
      - supports-color
    dev: true

  /vite-plugin-windicss/0.16.7_vite@2.3.7:
    resolution: {integrity: sha512-fNBLO2EBdQsJNU3IyehSmqPdrHc6Ve+hPYDaf5SrW8nGd9Wbd8ZVh6cX/1blRcjMw0qOjgcx7GM8pRWBjhzt3Q==}
    peerDependencies:
      vite: ^2.0.1
    dependencies:
      '@windicss/plugin-utils': 0.16.7
      chalk: 4.1.1
      debug: 4.3.2
      vite: 2.3.7
      windicss: 3.0.12
    transitivePeerDependencies:
      - supports-color
    dev: true

  /vite/2.3.6:
    resolution: {integrity: sha512-fsEpNKDHgh3Sn66JH06ZnUBnIgUVUtw6ucDhlOj1CEqxIkymU25yv1/kWDPlIjyYHnalr0cN6V+zzUJ+fmWHYw==}
    engines: {node: '>=12.0.0'}
    hasBin: true
    dependencies:
      esbuild: 0.12.5
      postcss: 8.3.0
      resolve: 1.20.0
      rollup: 2.50.5
    optionalDependencies:
      fsevents: 2.3.2
    dev: true

  /vite/2.3.7:
    resolution: {integrity: sha512-Y0xRz11MPYu/EAvzN94+FsOZHbSvO6FUvHv127CyG7mV6oDoay2bw+g5y9wW3Blf8OY3chaz3nc/DcRe1IQ3Nw==}
    engines: {node: '>=12.0.0'}
    hasBin: true
    dependencies:
      esbuild: 0.12.9
      postcss: 8.3.5
      resolve: 1.20.0
      rollup: 2.52.1
    optionalDependencies:
      fsevents: 2.3.2
    dev: true

  /windicss/3.0.12:
    resolution: {integrity: sha512-pDxtFLN0xmL7bnGtnEfu9z7B5279UM2EP8wWlPH+FYb5gjHyONxRtyWtR5QIn1FRx6h1UXpm+I19GgTx5Y4TyA==}
    engines: {node: '>= 12'}
    hasBin: true
    dev: true

  /windicss/3.1.3:
    resolution: {integrity: sha512-l7fpoba2LY9AYRy4UgcuOpbPsed8UsbpEQYUVWRR1wdAwiKxK6bGIMfpiKJtjPAPdh0GOGUqr6KJar0EDZSxzg==}
    engines: {node: '>= 12'}
    hasBin: true
    dev: true
